// !$*UTF8*$!
{
	archiveVersion = 1;
	classes = {
	};
	objectVersion = 46;
	objects = {

/* Begin PBXBuildFile section */
		26CE71BBE94D154C16DB41C6 /* Pods_PCImageCacheUITests.framework in Frameworks */ = {isa = PBXBuildFile; fileRef = DCB9F97B7F6D210CCD7E31D6 /* Pods_PCImageCacheUITests.framework */; };
		704E1DAADBB75C505876CA57 /* Pods_PCImageCacheTests.framework in Frameworks */ = {isa = PBXBuildFile; fileRef = 107B6436607149951E2FEF51 /* Pods_PCImageCacheTests.framework */; };
		CDDBAD6F0D872AE61BCEC696 /* Pods_PCImageCache.framework in Frameworks */ = {isa = PBXBuildFile; fileRef = C05B445AEC3887211EC158A0 /* Pods_PCImageCache.framework */; };
		EC48C7B31EDF9E3200E62C49 /* YYCache.m in Sources */ = {isa = PBXBuildFile; fileRef = EC48C7AC1EDF9E3200E62C49 /* YYCache.m */; };
		EC48C7B41EDF9E3200E62C49 /* YYDiskCache.m in Sources */ = {isa = PBXBuildFile; fileRef = EC48C7AE1EDF9E3200E62C49 /* YYDiskCache.m */; };
		EC48C7B51EDF9E3200E62C49 /* YYKVStorage.m in Sources */ = {isa = PBXBuildFile; fileRef = EC48C7B01EDF9E3200E62C49 /* YYKVStorage.m */; };
		EC48C7B61EDF9E3200E62C49 /* YYMemoryCache.m in Sources */ = {isa = PBXBuildFile; fileRef = EC48C7B21EDF9E3200E62C49 /* YYMemoryCache.m */; };
		EC48C7B91EDF9F8400E62C49 /* libsqlite3.0.tbd in Frameworks */ = {isa = PBXBuildFile; fileRef = EC48C7B81EDF9F8400E62C49 /* libsqlite3.0.tbd */; };
		EC48C7C91EDFB8D900E62C49 /* YYAnimatedImageView.m in Sources */ = {isa = PBXBuildFile; fileRef = EC48C7BF1EDFB8D900E62C49 /* YYAnimatedImageView.m */; };
		EC48C7CA1EDFB8D900E62C49 /* YYFrameImage.m in Sources */ = {isa = PBXBuildFile; fileRef = EC48C7C11EDFB8D900E62C49 /* YYFrameImage.m */; };
		EC48C7CB1EDFB8D900E62C49 /* YYImage.m in Sources */ = {isa = PBXBuildFile; fileRef = EC48C7C31EDFB8D900E62C49 /* YYImage.m */; };
		EC48C7CC1EDFB8D900E62C49 /* YYImageCoder.m in Sources */ = {isa = PBXBuildFile; fileRef = EC48C7C51EDFB8D900E62C49 /* YYImageCoder.m */; };
		EC48C7CD1EDFB8D900E62C49 /* YYSpriteSheetImage.m in Sources */ = {isa = PBXBuildFile; fileRef = EC48C7C71EDFB8D900E62C49 /* YYSpriteSheetImage.m */; };
		EC48C7CF1EDFBE5D00E62C49 /* libz.tbd in Frameworks */ = {isa = PBXBuildFile; fileRef = EC48C7CE1EDFBE5D00E62C49 /* libz.tbd */; };
		EC48C7D11EDFF18000E62C49 /* YYWebImageManager.swift in Sources */ = {isa = PBXBuildFile; fileRef = EC48C7D01EDFF18000E62C49 /* YYWebImageManager.swift */; };
		EC48C7D31EDFF19C00E62C49 /* YYWebImageOperation.swift in Sources */ = {isa = PBXBuildFile; fileRef = EC48C7D21EDFF19C00E62C49 /* YYWebImageOperation.swift */; };
		EC7B0C1F1EDED235002505CF /* AppDelegate.swift in Sources */ = {isa = PBXBuildFile; fileRef = EC7B0C1E1EDED235002505CF /* AppDelegate.swift */; };
		EC7B0C211EDED235002505CF /* ViewController.swift in Sources */ = {isa = PBXBuildFile; fileRef = EC7B0C201EDED235002505CF /* ViewController.swift */; };
		EC7B0C241EDED236002505CF /* Main.storyboard in Resources */ = {isa = PBXBuildFile; fileRef = EC7B0C221EDED236002505CF /* Main.storyboard */; };
		EC7B0C261EDED236002505CF /* Assets.xcassets in Resources */ = {isa = PBXBuildFile; fileRef = EC7B0C251EDED236002505CF /* Assets.xcassets */; };
		EC7B0C291EDED236002505CF /* LaunchScreen.storyboard in Resources */ = {isa = PBXBuildFile; fileRef = EC7B0C271EDED236002505CF /* LaunchScreen.storyboard */; };
		EC7B0C341EDED236002505CF /* PCImageCacheTests.swift in Sources */ = {isa = PBXBuildFile; fileRef = EC7B0C331EDED236002505CF /* PCImageCacheTests.swift */; };
		EC7B0C3F1EDED236002505CF /* PCImageCacheUITests.swift in Sources */ = {isa = PBXBuildFile; fileRef = EC7B0C3E1EDED236002505CF /* PCImageCacheUITests.swift */; };
		EC7B0C4D1EDED4EC002505CF /* YYImageCache.swift in Sources */ = {isa = PBXBuildFile; fileRef = EC7B0C4C1EDED4EC002505CF /* YYImageCache.swift */; };
/* End PBXBuildFile section */

/* Begin PBXContainerItemProxy section */
		EC7B0C301EDED236002505CF /* PBXContainerItemProxy */ = {
			isa = PBXContainerItemProxy;
			containerPortal = EC7B0C131EDED235002505CF /* Project object */;
			proxyType = 1;
			remoteGlobalIDString = EC7B0C1A1EDED235002505CF;
			remoteInfo = PCImageCache;
		};
		EC7B0C3B1EDED236002505CF /* PBXContainerItemProxy */ = {
			isa = PBXContainerItemProxy;
			containerPortal = EC7B0C131EDED235002505CF /* Project object */;
			proxyType = 1;
			remoteGlobalIDString = EC7B0C1A1EDED235002505CF;
			remoteInfo = PCImageCache;
		};
/* End PBXContainerItemProxy section */

/* Begin PBXFileReference section */
		107B6436607149951E2FEF51 /* Pods_PCImageCacheTests.framework */ = {isa = PBXFileReference; explicitFileType = wrapper.framework; includeInIndex = 0; path = Pods_PCImageCacheTests.framework; sourceTree = BUILT_PRODUCTS_DIR; };
		238A070A6FBA1A3A7D4368A1 /* Pods-PCImageCache.debug.xcconfig */ = {isa = PBXFileReference; includeInIndex = 1; lastKnownFileType = text.xcconfig; name = "Pods-PCImageCache.debug.xcconfig"; path = "Pods/Target Support Files/Pods-PCImageCache/Pods-PCImageCache.debug.xcconfig"; sourceTree = "<group>"; };
		273EA3EE922CC881FBA26C89 /* Pods-PCImageCacheTests.release.xcconfig */ = {isa = PBXFileReference; includeInIndex = 1; lastKnownFileType = text.xcconfig; name = "Pods-PCImageCacheTests.release.xcconfig"; path = "Pods/Target Support Files/Pods-PCImageCacheTests/Pods-PCImageCacheTests.release.xcconfig"; sourceTree = "<group>"; };
		4AAA0545CFF78DD6E4EBCCDC /* Pods-PCImageCacheUITests.release.xcconfig */ = {isa = PBXFileReference; includeInIndex = 1; lastKnownFileType = text.xcconfig; name = "Pods-PCImageCacheUITests.release.xcconfig"; path = "Pods/Target Support Files/Pods-PCImageCacheUITests/Pods-PCImageCacheUITests.release.xcconfig"; sourceTree = "<group>"; };
		55C02669999E735A03339EDF /* Pods-PCImageCacheTests.debug.xcconfig */ = {isa = PBXFileReference; includeInIndex = 1; lastKnownFileType = text.xcconfig; name = "Pods-PCImageCacheTests.debug.xcconfig"; path = "Pods/Target Support Files/Pods-PCImageCacheTests/Pods-PCImageCacheTests.debug.xcconfig"; sourceTree = "<group>"; };
		C05B445AEC3887211EC158A0 /* Pods_PCImageCache.framework */ = {isa = PBXFileReference; explicitFileType = wrapper.framework; includeInIndex = 0; path = Pods_PCImageCache.framework; sourceTree = BUILT_PRODUCTS_DIR; };
		C1CEE04F1F877C1CCEFAAA5B /* Pods-PCImageCacheUITests.debug.xcconfig */ = {isa = PBXFileReference; includeInIndex = 1; lastKnownFileType = text.xcconfig; name = "Pods-PCImageCacheUITests.debug.xcconfig"; path = "Pods/Target Support Files/Pods-PCImageCacheUITests/Pods-PCImageCacheUITests.debug.xcconfig"; sourceTree = "<group>"; };
		DA366E06C83CF1313EE6275C /* Pods-PCImageCache.release.xcconfig */ = {isa = PBXFileReference; includeInIndex = 1; lastKnownFileType = text.xcconfig; name = "Pods-PCImageCache.release.xcconfig"; path = "Pods/Target Support Files/Pods-PCImageCache/Pods-PCImageCache.release.xcconfig"; sourceTree = "<group>"; };
		DCB9F97B7F6D210CCD7E31D6 /* Pods_PCImageCacheUITests.framework */ = {isa = PBXFileReference; explicitFileType = wrapper.framework; includeInIndex = 0; path = Pods_PCImageCacheUITests.framework; sourceTree = BUILT_PRODUCTS_DIR; };
		EC48C7AB1EDF9E3200E62C49 /* YYCache.h */ = {isa = PBXFileReference; fileEncoding = 4; lastKnownFileType = sourcecode.c.h; path = YYCache.h; sourceTree = "<group>"; };
		EC48C7AC1EDF9E3200E62C49 /* YYCache.m */ = {isa = PBXFileReference; fileEncoding = 4; lastKnownFileType = sourcecode.c.objc; path = YYCache.m; sourceTree = "<group>"; };
		EC48C7AD1EDF9E3200E62C49 /* YYDiskCache.h */ = {isa = PBXFileReference; fileEncoding = 4; lastKnownFileType = sourcecode.c.h; path = YYDiskCache.h; sourceTree = "<group>"; };
		EC48C7AE1EDF9E3200E62C49 /* YYDiskCache.m */ = {isa = PBXFileReference; fileEncoding = 4; lastKnownFileType = sourcecode.c.objc; path = YYDiskCache.m; sourceTree = "<group>"; };
		EC48C7AF1EDF9E3200E62C49 /* YYKVStorage.h */ = {isa = PBXFileReference; fileEncoding = 4; lastKnownFileType = sourcecode.c.h; path = YYKVStorage.h; sourceTree = "<group>"; };
		EC48C7B01EDF9E3200E62C49 /* YYKVStorage.m */ = {isa = PBXFileReference; fileEncoding = 4; lastKnownFileType = sourcecode.c.objc; path = YYKVStorage.m; sourceTree = "<group>"; };
		EC48C7B11EDF9E3200E62C49 /* YYMemoryCache.h */ = {isa = PBXFileReference; fileEncoding = 4; lastKnownFileType = sourcecode.c.h; path = YYMemoryCache.h; sourceTree = "<group>"; };
		EC48C7B21EDF9E3200E62C49 /* YYMemoryCache.m */ = {isa = PBXFileReference; fileEncoding = 4; lastKnownFileType = sourcecode.c.objc; path = YYMemoryCache.m; sourceTree = "<group>"; };
		EC48C7B81EDF9F8400E62C49 /* libsqlite3.0.tbd */ = {isa = PBXFileReference; lastKnownFileType = "sourcecode.text-based-dylib-definition"; name = libsqlite3.0.tbd; path = usr/lib/libsqlite3.0.tbd; sourceTree = SDKROOT; };
		EC48C7BE1EDFB8D900E62C49 /* YYAnimatedImageView.h */ = {isa = PBXFileReference; fileEncoding = 4; lastKnownFileType = sourcecode.c.h; path = YYAnimatedImageView.h; sourceTree = "<group>"; };
		EC48C7BF1EDFB8D900E62C49 /* YYAnimatedImageView.m */ = {isa = PBXFileReference; fileEncoding = 4; lastKnownFileType = sourcecode.c.objc; path = YYAnimatedImageView.m; sourceTree = "<group>"; };
		EC48C7C01EDFB8D900E62C49 /* YYFrameImage.h */ = {isa = PBXFileReference; fileEncoding = 4; lastKnownFileType = sourcecode.c.h; path = YYFrameImage.h; sourceTree = "<group>"; };
		EC48C7C11EDFB8D900E62C49 /* YYFrameImage.m */ = {isa = PBXFileReference; fileEncoding = 4; lastKnownFileType = sourcecode.c.objc; path = YYFrameImage.m; sourceTree = "<group>"; };
		EC48C7C21EDFB8D900E62C49 /* YYImage.h */ = {isa = PBXFileReference; fileEncoding = 4; lastKnownFileType = sourcecode.c.h; path = YYImage.h; sourceTree = "<group>"; };
		EC48C7C31EDFB8D900E62C49 /* YYImage.m */ = {isa = PBXFileReference; fileEncoding = 4; lastKnownFileType = sourcecode.c.objc; path = YYImage.m; sourceTree = "<group>"; };
		EC48C7C41EDFB8D900E62C49 /* YYImageCoder.h */ = {isa = PBXFileReference; fileEncoding = 4; lastKnownFileType = sourcecode.c.h; path = YYImageCoder.h; sourceTree = "<group>"; };
		EC48C7C51EDFB8D900E62C49 /* YYImageCoder.m */ = {isa = PBXFileReference; fileEncoding = 4; lastKnownFileType = sourcecode.c.objc; path = YYImageCoder.m; sourceTree = "<group>"; };
		EC48C7C61EDFB8D900E62C49 /* YYSpriteSheetImage.h */ = {isa = PBXFileReference; fileEncoding = 4; lastKnownFileType = sourcecode.c.h; path = YYSpriteSheetImage.h; sourceTree = "<group>"; };
		EC48C7C71EDFB8D900E62C49 /* YYSpriteSheetImage.m */ = {isa = PBXFileReference; fileEncoding = 4; lastKnownFileType = sourcecode.c.objc; path = YYSpriteSheetImage.m; sourceTree = "<group>"; };
		EC48C7CE1EDFBE5D00E62C49 /* libz.tbd */ = {isa = PBXFileReference; lastKnownFileType = "sourcecode.text-based-dylib-definition"; name = libz.tbd; path = usr/lib/libz.tbd; sourceTree = SDKROOT; };
		EC48C7D01EDFF18000E62C49 /* YYWebImageManager.swift */ = {isa = PBXFileReference; fileEncoding = 4; lastKnownFileType = sourcecode.swift; path = YYWebImageManager.swift; sourceTree = "<group>"; };
		EC48C7D21EDFF19C00E62C49 /* YYWebImageOperation.swift */ = {isa = PBXFileReference; fileEncoding = 4; lastKnownFileType = sourcecode.swift; path = YYWebImageOperation.swift; sourceTree = "<group>"; };
		EC7B0C1B1EDED235002505CF /* PCImageCache.app */ = {isa = PBXFileReference; explicitFileType = wrapper.application; includeInIndex = 0; path = PCImageCache.app; sourceTree = BUILT_PRODUCTS_DIR; };
		EC7B0C1E1EDED235002505CF /* AppDelegate.swift */ = {isa = PBXFileReference; lastKnownFileType = sourcecode.swift; path = AppDelegate.swift; sourceTree = "<group>"; };
		EC7B0C201EDED235002505CF /* ViewController.swift */ = {isa = PBXFileReference; lastKnownFileType = sourcecode.swift; path = ViewController.swift; sourceTree = "<group>"; };
		EC7B0C231EDED236002505CF /* Base */ = {isa = PBXFileReference; lastKnownFileType = file.storyboard; name = Base; path = Base.lproj/Main.storyboard; sourceTree = "<group>"; };
		EC7B0C251EDED236002505CF /* Assets.xcassets */ = {isa = PBXFileReference; lastKnownFileType = folder.assetcatalog; path = Assets.xcassets; sourceTree = "<group>"; };
		EC7B0C281EDED236002505CF /* Base */ = {isa = PBXFileReference; lastKnownFileType = file.storyboard; name = Base; path = Base.lproj/LaunchScreen.storyboard; sourceTree = "<group>"; };
		EC7B0C2A1EDED236002505CF /* Info.plist */ = {isa = PBXFileReference; lastKnownFileType = text.plist.xml; path = Info.plist; sourceTree = "<group>"; };
		EC7B0C2F1EDED236002505CF /* PCImageCacheTests.xctest */ = {isa = PBXFileReference; explicitFileType = wrapper.cfbundle; includeInIndex = 0; path = PCImageCacheTests.xctest; sourceTree = BUILT_PRODUCTS_DIR; };
		EC7B0C331EDED236002505CF /* PCImageCacheTests.swift */ = {isa = PBXFileReference; lastKnownFileType = sourcecode.swift; path = PCImageCacheTests.swift; sourceTree = "<group>"; };
		EC7B0C351EDED236002505CF /* Info.plist */ = {isa = PBXFileReference; lastKnownFileType = text.plist.xml; path = Info.plist; sourceTree = "<group>"; };
		EC7B0C3A1EDED236002505CF /* PCImageCacheUITests.xctest */ = {isa = PBXFileReference; explicitFileType = wrapper.cfbundle; includeInIndex = 0; path = PCImageCacheUITests.xctest; sourceTree = BUILT_PRODUCTS_DIR; };
		EC7B0C3E1EDED236002505CF /* PCImageCacheUITests.swift */ = {isa = PBXFileReference; lastKnownFileType = sourcecode.swift; path = PCImageCacheUITests.swift; sourceTree = "<group>"; };
		EC7B0C401EDED236002505CF /* Info.plist */ = {isa = PBXFileReference; lastKnownFileType = text.plist.xml; path = Info.plist; sourceTree = "<group>"; };
		EC7B0C4C1EDED4EC002505CF /* YYImageCache.swift */ = {isa = PBXFileReference; fileEncoding = 4; lastKnownFileType = sourcecode.swift; path = YYImageCache.swift; sourceTree = "<group>"; };
		EC7B0C541EDEF7A6002505CF /* PCImageCache-Bridging-Header.h */ = {isa = PBXFileReference; fileEncoding = 4; lastKnownFileType = sourcecode.c.h; path = "PCImageCache-Bridging-Header.h"; sourceTree = "<group>"; };
/* End PBXFileReference section */

/* Begin PBXFrameworksBuildPhase section */
		EC7B0C181EDED235002505CF /* Frameworks */ = {
			isa = PBXFrameworksBuildPhase;
			buildActionMask = 2147483647;
			files = (
				EC48C7CF1EDFBE5D00E62C49 /* libz.tbd in Frameworks */,
				EC48C7B91EDF9F8400E62C49 /* libsqlite3.0.tbd in Frameworks */,
				CDDBAD6F0D872AE61BCEC696 /* Pods_PCImageCache.framework in Frameworks */,
			);
			runOnlyForDeploymentPostprocessing = 0;
		};
		EC7B0C2C1EDED236002505CF /* Frameworks */ = {
			isa = PBXFrameworksBuildPhase;
			buildActionMask = 2147483647;
			files = (
				704E1DAADBB75C505876CA57 /* Pods_PCImageCacheTests.framework in Frameworks */,
			);
			runOnlyForDeploymentPostprocessing = 0;
		};
		EC7B0C371EDED236002505CF /* Frameworks */ = {
			isa = PBXFrameworksBuildPhase;
			buildActionMask = 2147483647;
			files = (
				26CE71BBE94D154C16DB41C6 /* Pods_PCImageCacheUITests.framework in Frameworks */,
			);
			runOnlyForDeploymentPostprocessing = 0;
		};
/* End PBXFrameworksBuildPhase section */

/* Begin PBXGroup section */
		0DF7833B2BED093C90A6C683 /* Frameworks */ = {
			isa = PBXGroup;
			children = (
				EC48C7CE1EDFBE5D00E62C49 /* libz.tbd */,
				EC48C7B81EDF9F8400E62C49 /* libsqlite3.0.tbd */,
				C05B445AEC3887211EC158A0 /* Pods_PCImageCache.framework */,
				107B6436607149951E2FEF51 /* Pods_PCImageCacheTests.framework */,
				DCB9F97B7F6D210CCD7E31D6 /* Pods_PCImageCacheUITests.framework */,
			);
			name = Frameworks;
			sourceTree = "<group>";
		};
		81C8AE353559679BAF1E4EDC /* Pods */ = {
			isa = PBXGroup;
			children = (
				238A070A6FBA1A3A7D4368A1 /* Pods-PCImageCache.debug.xcconfig */,
				DA366E06C83CF1313EE6275C /* Pods-PCImageCache.release.xcconfig */,
				55C02669999E735A03339EDF /* Pods-PCImageCacheTests.debug.xcconfig */,
				273EA3EE922CC881FBA26C89 /* Pods-PCImageCacheTests.release.xcconfig */,
				C1CEE04F1F877C1CCEFAAA5B /* Pods-PCImageCacheUITests.debug.xcconfig */,
				4AAA0545CFF78DD6E4EBCCDC /* Pods-PCImageCacheUITests.release.xcconfig */,
			);
			name = Pods;
			sourceTree = "<group>";
		};
		EC48C7B71EDF9E5700E62C49 /* Cache */ = {
			isa = PBXGroup;
			children = (
				EC48C7AB1EDF9E3200E62C49 /* YYCache.h */,
				EC48C7AC1EDF9E3200E62C49 /* YYCache.m */,
				EC48C7AD1EDF9E3200E62C49 /* YYDiskCache.h */,
				EC48C7AE1EDF9E3200E62C49 /* YYDiskCache.m */,
				EC48C7AF1EDF9E3200E62C49 /* YYKVStorage.h */,
				EC48C7B01EDF9E3200E62C49 /* YYKVStorage.m */,
				EC48C7B11EDF9E3200E62C49 /* YYMemoryCache.h */,
				EC48C7B21EDF9E3200E62C49 /* YYMemoryCache.m */,
			);
			name = Cache;
			path = PCImageCache;
			sourceTree = "<group>";
		};
		EC48C7C81EDFB8D900E62C49 /* Image */ = {
			isa = PBXGroup;
			children = (
				EC48C7BE1EDFB8D900E62C49 /* YYAnimatedImageView.h */,
				EC48C7BF1EDFB8D900E62C49 /* YYAnimatedImageView.m */,
				EC48C7C01EDFB8D900E62C49 /* YYFrameImage.h */,
				EC48C7C11EDFB8D900E62C49 /* YYFrameImage.m */,
				EC48C7C21EDFB8D900E62C49 /* YYImage.h */,
				EC48C7C31EDFB8D900E62C49 /* YYImage.m */,
				EC48C7C41EDFB8D900E62C49 /* YYImageCoder.h */,
				EC48C7C51EDFB8D900E62C49 /* YYImageCoder.m */,
				EC48C7C61EDFB8D900E62C49 /* YYSpriteSheetImage.h */,
				EC48C7C71EDFB8D900E62C49 /* YYSpriteSheetImage.m */,
			);
			name = Image;
			path = ../../../ThirdLibrary/YYWebImage/YYWebImage/Image;
			sourceTree = "<group>";
		};
		EC7B0C121EDED235002505CF = {
			isa = PBXGroup;
			children = (
				EC7B0C541EDEF7A6002505CF /* PCImageCache-Bridging-Header.h */,
				EC48C7C81EDFB8D900E62C49 /* Image */,
				EC48C7B71EDF9E5700E62C49 /* Cache */,
				EC7B0C1D1EDED235002505CF /* PCImageCache */,
				EC7B0C321EDED236002505CF /* PCImageCacheTests */,
				EC7B0C3D1EDED236002505CF /* PCImageCacheUITests */,
				EC7B0C1C1EDED235002505CF /* Products */,
				81C8AE353559679BAF1E4EDC /* Pods */,
				0DF7833B2BED093C90A6C683 /* Frameworks */,
			);
			sourceTree = "<group>";
		};
		EC7B0C1C1EDED235002505CF /* Products */ = {
			isa = PBXGroup;
			children = (
				EC7B0C1B1EDED235002505CF /* PCImageCache.app */,
				EC7B0C2F1EDED236002505CF /* PCImageCacheTests.xctest */,
				EC7B0C3A1EDED236002505CF /* PCImageCacheUITests.xctest */,
			);
			name = Products;
			sourceTree = "<group>";
		};
		EC7B0C1D1EDED235002505CF /* PCImageCache */ = {
			isa = PBXGroup;
			children = (
				EC7B0C4E1EDED4F2002505CF /* PCImageCache */,
				EC7B0C1E1EDED235002505CF /* AppDelegate.swift */,
				EC7B0C201EDED235002505CF /* ViewController.swift */,
				EC7B0C221EDED236002505CF /* Main.storyboard */,
				EC7B0C251EDED236002505CF /* Assets.xcassets */,
				EC7B0C271EDED236002505CF /* LaunchScreen.storyboard */,
				EC7B0C2A1EDED236002505CF /* Info.plist */,
			);
			path = PCImageCache;
			sourceTree = "<group>";
		};
		EC7B0C321EDED236002505CF /* PCImageCacheTests */ = {
			isa = PBXGroup;
			children = (
				EC7B0C331EDED236002505CF /* PCImageCacheTests.swift */,
				EC7B0C351EDED236002505CF /* Info.plist */,
			);
			path = PCImageCacheTests;
			sourceTree = "<group>";
		};
		EC7B0C3D1EDED236002505CF /* PCImageCacheUITests */ = {
			isa = PBXGroup;
			children = (
				EC7B0C3E1EDED236002505CF /* PCImageCacheUITests.swift */,
				EC7B0C401EDED236002505CF /* Info.plist */,
			);
			path = PCImageCacheUITests;
			sourceTree = "<group>";
		};
		EC7B0C4E1EDED4F2002505CF /* PCImageCache */ = {
			isa = PBXGroup;
			children = (
				EC7B0C4C1EDED4EC002505CF /* YYImageCache.swift */,
				EC48C7D01EDFF18000E62C49 /* YYWebImageManager.swift */,
				EC48C7D21EDFF19C00E62C49 /* YYWebImageOperation.swift */,
			);
			name = PCImageCache;
			sourceTree = "<group>";
		};
/* End PBXGroup section */

/* Begin PBXNativeTarget section */
		EC7B0C1A1EDED235002505CF /* PCImageCache */ = {
			isa = PBXNativeTarget;
			buildConfigurationList = EC7B0C431EDED236002505CF /* Build configuration list for PBXNativeTarget "PCImageCache" */;
			buildPhases = (
				EB19E3868C8F432DAD967E35 /* [CP] Check Pods Manifest.lock */,
				EC7B0C171EDED235002505CF /* Sources */,
				EC7B0C181EDED235002505CF /* Frameworks */,
				EC7B0C191EDED235002505CF /* Resources */,
				A0BAFC18AB1927EF3C3B1C84 /* [CP] Embed Pods Frameworks */,
				AE2B5D4E650F48B79BD15041 /* [CP] Copy Pods Resources */,
			);
			buildRules = (
			);
			dependencies = (
			);
			name = PCImageCache;
			productName = PCImageCache;
			productReference = EC7B0C1B1EDED235002505CF /* PCImageCache.app */;
			productType = "com.apple.product-type.application";
		};
		EC7B0C2E1EDED236002505CF /* PCImageCacheTests */ = {
			isa = PBXNativeTarget;
			buildConfigurationList = EC7B0C461EDED236002505CF /* Build configuration list for PBXNativeTarget "PCImageCacheTests" */;
			buildPhases = (
				CB3EB7A5B48C3167732CCEAB /* [CP] Check Pods Manifest.lock */,
				EC7B0C2B1EDED236002505CF /* Sources */,
				EC7B0C2C1EDED236002505CF /* Frameworks */,
				EC7B0C2D1EDED236002505CF /* Resources */,
				65C70FC376D2F5D3AC97E7BC /* [CP] Embed Pods Frameworks */,
				27E03A4A27ECBD1DC3E58439 /* [CP] Copy Pods Resources */,
			);
			buildRules = (
			);
			dependencies = (
				EC7B0C311EDED236002505CF /* PBXTargetDependency */,
			);
			name = PCImageCacheTests;
			productName = PCImageCacheTests;
			productReference = EC7B0C2F1EDED236002505CF /* PCImageCacheTests.xctest */;
			productType = "com.apple.product-type.bundle.unit-test";
		};
		EC7B0C391EDED236002505CF /* PCImageCacheUITests */ = {
			isa = PBXNativeTarget;
			buildConfigurationList = EC7B0C491EDED236002505CF /* Build configuration list for PBXNativeTarget "PCImageCacheUITests" */;
			buildPhases = (
				F39DFFF0C17BF2B164CB0EE1 /* [CP] Check Pods Manifest.lock */,
				EC7B0C361EDED236002505CF /* Sources */,
				EC7B0C371EDED236002505CF /* Frameworks */,
				EC7B0C381EDED236002505CF /* Resources */,
				B54DE119E6389365F1BFD2D2 /* [CP] Embed Pods Frameworks */,
				25BB8CE933D486703CBE1BD4 /* [CP] Copy Pods Resources */,
			);
			buildRules = (
			);
			dependencies = (
				EC7B0C3C1EDED236002505CF /* PBXTargetDependency */,
			);
			name = PCImageCacheUITests;
			productName = PCImageCacheUITests;
			productReference = EC7B0C3A1EDED236002505CF /* PCImageCacheUITests.xctest */;
			productType = "com.apple.product-type.bundle.ui-testing";
		};
/* End PBXNativeTarget section */

/* Begin PBXProject section */
		EC7B0C131EDED235002505CF /* Project object */ = {
			isa = PBXProject;
			attributes = {
				LastSwiftUpdateCheck = 0830;
				LastUpgradeCheck = 0830;
				ORGANIZATIONNAME = tangyuhua;
				TargetAttributes = {
					EC7B0C1A1EDED235002505CF = {
						CreatedOnToolsVersion = 8.3.2;
						DevelopmentTeam = 4BADWEEE97;
						ProvisioningStyle = Automatic;
					};
					EC7B0C2E1EDED236002505CF = {
						CreatedOnToolsVersion = 8.3.2;
						DevelopmentTeam = 4BADWEEE97;
						ProvisioningStyle = Automatic;
						TestTargetID = EC7B0C1A1EDED235002505CF;
					};
					EC7B0C391EDED236002505CF = {
						CreatedOnToolsVersion = 8.3.2;
						DevelopmentTeam = 4BADWEEE97;
						ProvisioningStyle = Automatic;
						TestTargetID = EC7B0C1A1EDED235002505CF;
					};
				};
			};
			buildConfigurationList = EC7B0C161EDED235002505CF /* Build configuration list for PBXProject "PCImageCache" */;
			compatibilityVersion = "Xcode 3.2";
			developmentRegion = English;
			hasScannedForEncodings = 0;
			knownRegions = (
				en,
				Base,
			);
			mainGroup = EC7B0C121EDED235002505CF;
			productRefGroup = EC7B0C1C1EDED235002505CF /* Products */;
			projectDirPath = "";
			projectRoot = "";
			targets = (
				EC7B0C1A1EDED235002505CF /* PCImageCache */,
				EC7B0C2E1EDED236002505CF /* PCImageCacheTests */,
				EC7B0C391EDED236002505CF /* PCImageCacheUITests */,
			);
		};
/* End PBXProject section */

/* Begin PBXResourcesBuildPhase section */
		EC7B0C191EDED235002505CF /* Resources */ = {
			isa = PBXResourcesBuildPhase;
			buildActionMask = 2147483647;
			files = (
				EC7B0C291EDED236002505CF /* LaunchScreen.storyboard in Resources */,
				EC7B0C261EDED236002505CF /* Assets.xcassets in Resources */,
				EC7B0C241EDED236002505CF /* Main.storyboard in Resources */,
			);
			runOnlyForDeploymentPostprocessing = 0;
		};
		EC7B0C2D1EDED236002505CF /* Resources */ = {
			isa = PBXResourcesBuildPhase;
			buildActionMask = 2147483647;
			files = (
			);
			runOnlyForDeploymentPostprocessing = 0;
		};
		EC7B0C381EDED236002505CF /* Resources */ = {
			isa = PBXResourcesBuildPhase;
			buildActionMask = 2147483647;
			files = (
			);
			runOnlyForDeploymentPostprocessing = 0;
		};
/* End PBXResourcesBuildPhase section */

/* Begin PBXShellScriptBuildPhase section */
		25BB8CE933D486703CBE1BD4 /* [CP] Copy Pods Resources */ = {
			isa = PBXShellScriptBuildPhase;
			buildActionMask = 2147483647;
			files = (
			);
			inputPaths = (
			);
			name = "[CP] Copy Pods Resources";
			outputPaths = (
			);
			runOnlyForDeploymentPostprocessing = 0;
			shellPath = /bin/sh;
			shellScript = "\"${SRCROOT}/Pods/Target Support Files/Pods-PCImageCacheUITests/Pods-PCImageCacheUITests-resources.sh\"\n";
			showEnvVarsInLog = 0;
		};
		27E03A4A27ECBD1DC3E58439 /* [CP] Copy Pods Resources */ = {
			isa = PBXShellScriptBuildPhase;
			buildActionMask = 2147483647;
			files = (
			);
			inputPaths = (
			);
			name = "[CP] Copy Pods Resources";
			outputPaths = (
			);
			runOnlyForDeploymentPostprocessing = 0;
			shellPath = /bin/sh;
			shellScript = "\"${SRCROOT}/Pods/Target Support Files/Pods-PCImageCacheTests/Pods-PCImageCacheTests-resources.sh\"\n";
			showEnvVarsInLog = 0;
		};
		65C70FC376D2F5D3AC97E7BC /* [CP] Embed Pods Frameworks */ = {
			isa = PBXShellScriptBuildPhase;
			buildActionMask = 2147483647;
			files = (
			);
			inputPaths = (
			);
			name = "[CP] Embed Pods Frameworks";
			outputPaths = (
			);
			runOnlyForDeploymentPostprocessing = 0;
			shellPath = /bin/sh;
			shellScript = "\"${SRCROOT}/Pods/Target Support Files/Pods-PCImageCacheTests/Pods-PCImageCacheTests-frameworks.sh\"\n";
			showEnvVarsInLog = 0;
		};
		A0BAFC18AB1927EF3C3B1C84 /* [CP] Embed Pods Frameworks */ = {
			isa = PBXShellScriptBuildPhase;
			buildActionMask = 2147483647;
			files = (
			);
			inputPaths = (
			);
			name = "[CP] Embed Pods Frameworks";
			outputPaths = (
			);
			runOnlyForDeploymentPostprocessing = 0;
			shellPath = /bin/sh;
			shellScript = "\"${SRCROOT}/Pods/Target Support Files/Pods-PCImageCache/Pods-PCImageCache-frameworks.sh\"\n";
			showEnvVarsInLog = 0;
		};
		AE2B5D4E650F48B79BD15041 /* [CP] Copy Pods Resources */ = {
			isa = PBXShellScriptBuildPhase;
			buildActionMask = 2147483647;
			files = (
			);
			inputPaths = (
			);
			name = "[CP] Copy Pods Resources";
			outputPaths = (
			);
			runOnlyForDeploymentPostprocessing = 0;
			shellPath = /bin/sh;
			shellScript = "\"${SRCROOT}/Pods/Target Support Files/Pods-PCImageCache/Pods-PCImageCache-resources.sh\"\n";
			showEnvVarsInLog = 0;
		};
		B54DE119E6389365F1BFD2D2 /* [CP] Embed Pods Frameworks */ = {
			isa = PBXShellScriptBuildPhase;
			buildActionMask = 2147483647;
			files = (
			);
			inputPaths = (
			);
			name = "[CP] Embed Pods Frameworks";
			outputPaths = (
			);
			runOnlyForDeploymentPostprocessing = 0;
			shellPath = /bin/sh;
			shellScript = "\"${SRCROOT}/Pods/Target Support Files/Pods-PCImageCacheUITests/Pods-PCImageCacheUITests-frameworks.sh\"\n";
			showEnvVarsInLog = 0;
		};
		CB3EB7A5B48C3167732CCEAB /* [CP] Check Pods Manifest.lock */ = {
			isa = PBXShellScriptBuildPhase;
			buildActionMask = 2147483647;
			files = (
			);
			inputPaths = (
			);
			name = "[CP] Check Pods Manifest.lock";
			outputPaths = (
			);
			runOnlyForDeploymentPostprocessing = 0;
			shellPath = /bin/sh;
			shellScript = "diff \"${PODS_ROOT}/../Podfile.lock\" \"${PODS_ROOT}/Manifest.lock\" > /dev/null\nif [ $? != 0 ] ; then\n    # print error to STDERR\n    echo \"error: The sandbox is not in sync with the Podfile.lock. Run 'pod install' or update your CocoaPods installation.\" >&2\n    exit 1\nfi\n";
			showEnvVarsInLog = 0;
		};
		EB19E3868C8F432DAD967E35 /* [CP] Check Pods Manifest.lock */ = {
			isa = PBXShellScriptBuildPhase;
			buildActionMask = 2147483647;
			files = (
			);
			inputPaths = (
			);
			name = "[CP] Check Pods Manifest.lock";
			outputPaths = (
			);
			runOnlyForDeploymentPostprocessing = 0;
			shellPath = /bin/sh;
			shellScript = "diff \"${PODS_ROOT}/../Podfile.lock\" \"${PODS_ROOT}/Manifest.lock\" > /dev/null\nif [ $? != 0 ] ; then\n    # print error to STDERR\n    echo \"error: The sandbox is not in sync with the Podfile.lock. Run 'pod install' or update your CocoaPods installation.\" >&2\n    exit 1\nfi\n";
			showEnvVarsInLog = 0;
		};
		F39DFFF0C17BF2B164CB0EE1 /* [CP] Check Pods Manifest.lock */ = {
			isa = PBXShellScriptBuildPhase;
			buildActionMask = 2147483647;
			files = (
			);
			inputPaths = (
			);
			name = "[CP] Check Pods Manifest.lock";
			outputPaths = (
			);
			runOnlyForDeploymentPostprocessing = 0;
			shellPath = /bin/sh;
			shellScript = "diff \"${PODS_ROOT}/../Podfile.lock\" \"${PODS_ROOT}/Manifest.lock\" > /dev/null\nif [ $? != 0 ] ; then\n    # print error to STDERR\n    echo \"error: The sandbox is not in sync with the Podfile.lock. Run 'pod install' or update your CocoaPods installation.\" >&2\n    exit 1\nfi\n";
			showEnvVarsInLog = 0;
		};
/* End PBXShellScriptBuildPhase section */

/* Begin PBXSourcesBuildPhase section */
		EC7B0C171EDED235002505CF /* Sources */ = {
			isa = PBXSourcesBuildPhase;
			buildActionMask = 2147483647;
			files = (
				EC7B0C211EDED235002505CF /* ViewController.swift in Sources */,
				EC48C7B61EDF9E3200E62C49 /* YYMemoryCache.m in Sources */,
				EC48C7D31EDFF19C00E62C49 /* YYWebImageOperation.swift in Sources */,
				EC48C7B51EDF9E3200E62C49 /* YYKVStorage.m in Sources */,
				EC7B0C4D1EDED4EC002505CF /* YYImageCache.swift in Sources */,
				EC48C7CC1EDFB8D900E62C49 /* YYImageCoder.m in Sources */,
				EC48C7CB1EDFB8D900E62C49 /* YYImage.m in Sources */,
				EC48C7B41EDF9E3200E62C49 /* YYDiskCache.m in Sources */,
				EC48C7D11EDFF18000E62C49 /* YYWebImageManager.swift in Sources */,
				EC48C7CD1EDFB8D900E62C49 /* YYSpriteSheetImage.m in Sources */,
				EC7B0C1F1EDED235002505CF /* AppDelegate.swift in Sources */,
				EC48C7CA1EDFB8D900E62C49 /* YYFrameImage.m in Sources */,
				EC48C7B31EDF9E3200E62C49 /* YYCache.m in Sources */,
				EC48C7C91EDFB8D900E62C49 /* YYAnimatedImageView.m in Sources */,
			);
			runOnlyForDeploymentPostprocessing = 0;
		};
		EC7B0C2B1EDED236002505CF /* Sources */ = {
			isa = PBXSourcesBuildPhase;
			buildActionMask = 2147483647;
			files = (
				EC7B0C341EDED236002505CF /* PCImageCacheTests.swift in Sources */,
			);
			runOnlyForDeploymentPostprocessing = 0;
		};
		EC7B0C361EDED236002505CF /* Sources */ = {
			isa = PBXSourcesBuildPhase;
			buildActionMask = 2147483647;
			files = (
				EC7B0C3F1EDED236002505CF /* PCImageCacheUITests.swift in Sources */,
			);
			runOnlyForDeploymentPostprocessing = 0;
		};
/* End PBXSourcesBuildPhase section */

/* Begin PBXTargetDependency section */
		EC7B0C311EDED236002505CF /* PBXTargetDependency */ = {
			isa = PBXTargetDependency;
			target = EC7B0C1A1EDED235002505CF /* PCImageCache */;
			targetProxy = EC7B0C301EDED236002505CF /* PBXContainerItemProxy */;
		};
		EC7B0C3C1EDED236002505CF /* PBXTargetDependency */ = {
			isa = PBXTargetDependency;
			target = EC7B0C1A1EDED235002505CF /* PCImageCache */;
			targetProxy = EC7B0C3B1EDED236002505CF /* PBXContainerItemProxy */;
		};
/* End PBXTargetDependency section */

/* Begin PBXVariantGroup section */
		EC7B0C221EDED236002505CF /* Main.storyboard */ = {
			isa = PBXVariantGroup;
			children = (
				EC7B0C231EDED236002505CF /* Base */,
			);
			name = Main.storyboard;
			sourceTree = "<group>";
		};
		EC7B0C271EDED236002505CF /* LaunchScreen.storyboard */ = {
			isa = PBXVariantGroup;
			children = (
				EC7B0C281EDED236002505CF /* Base */,
			);
			name = LaunchScreen.storyboard;
			sourceTree = "<group>";
		};
/* End PBXVariantGroup section */

/* Begin XCBuildConfiguration section */
		EC7B0C411EDED236002505CF /* Debug */ = {
			isa = XCBuildConfiguration;
			buildSettings = {
				ALWAYS_SEARCH_USER_PATHS = NO;
				CLANG_ANALYZER_NONNULL = YES;
				CLANG_ANALYZER_NUMBER_OBJECT_CONVERSION = YES_AGGRESSIVE;
				CLANG_CXX_LANGUAGE_STANDARD = "gnu++0x";
				CLANG_CXX_LIBRARY = "libc++";
				CLANG_ENABLE_MODULES = YES;
				CLANG_ENABLE_OBJC_ARC = YES;
				CLANG_WARN_BOOL_CONVERSION = YES;
				CLANG_WARN_CONSTANT_CONVERSION = YES;
				CLANG_WARN_DIRECT_OBJC_ISA_USAGE = YES_ERROR;
				CLANG_WARN_DOCUMENTATION_COMMENTS = YES;
				CLANG_WARN_EMPTY_BODY = YES;
				CLANG_WARN_ENUM_CONVERSION = YES;
				CLANG_WARN_INFINITE_RECURSION = YES;
				CLANG_WARN_INT_CONVERSION = YES;
				CLANG_WARN_OBJC_ROOT_CLASS = YES_ERROR;
				CLANG_WARN_SUSPICIOUS_MOVE = YES;
				CLANG_WARN_UNREACHABLE_CODE = YES;
				CLANG_WARN__DUPLICATE_METHOD_MATCH = YES;
				"CODE_SIGN_IDENTITY[sdk=iphoneos*]" = "iPhone Developer";
				COPY_PHASE_STRIP = NO;
				DEBUG_INFORMATION_FORMAT = dwarf;
				ENABLE_STRICT_OBJC_MSGSEND = YES;
				ENABLE_TESTABILITY = YES;
				GCC_C_LANGUAGE_STANDARD = gnu99;
				GCC_DYNAMIC_NO_PIC = NO;
				GCC_NO_COMMON_BLOCKS = YES;
				GCC_OPTIMIZATION_LEVEL = 0;
				GCC_PREPROCESSOR_DEFINITIONS = (
					"DEBUG=1",
					"$(inherited)",
				);
				GCC_WARN_64_TO_32_BIT_CONVERSION = YES;
				GCC_WARN_ABOUT_RETURN_TYPE = YES_ERROR;
				GCC_WARN_UNDECLARED_SELECTOR = YES;
				GCC_WARN_UNINITIALIZED_AUTOS = YES_AGGRESSIVE;
				GCC_WARN_UNUSED_FUNCTION = YES;
				GCC_WARN_UNUSED_VARIABLE = YES;
				IPHONEOS_DEPLOYMENT_TARGET = 10.3;
				MTL_ENABLE_DEBUG_INFO = YES;
				ONLY_ACTIVE_ARCH = YES;
				SDKROOT = iphoneos;
				SWIFT_ACTIVE_COMPILATION_CONDITIONS = DEBUG;
				SWIFT_OPTIMIZATION_LEVEL = "-Onone";
			};
			name = Debug;
		};
		EC7B0C421EDED236002505CF /* Release */ = {
			isa = XCBuildConfiguration;
			buildSettings = {
				ALWAYS_SEARCH_USER_PATHS = NO;
				CLANG_ANALYZER_NONNULL = YES;
				CLANG_ANALYZER_NUMBER_OBJECT_CONVERSION = YES_AGGRESSIVE;
				CLANG_CXX_LANGUAGE_STANDARD = "gnu++0x";
				CLANG_CXX_LIBRARY = "libc++";
				CLANG_ENABLE_MODULES = YES;
				CLANG_ENABLE_OBJC_ARC = YES;
				CLANG_WARN_BOOL_CONVERSION = YES;
				CLANG_WARN_CONSTANT_CONVERSION = YES;
				CLANG_WARN_DIRECT_OBJC_ISA_USAGE = YES_ERROR;
				CLANG_WARN_DOCUMENTATION_COMMENTS = YES;
				CLANG_WARN_EMPTY_BODY = YES;
				CLANG_WARN_ENUM_CONVERSION = YES;
				CLANG_WARN_INFINITE_RECURSION = YES;
				CLANG_WARN_INT_CONVERSION = YES;
				CLANG_WARN_OBJC_ROOT_CLASS = YES_ERROR;
				CLANG_WARN_SUSPICIOUS_MOVE = YES;
				CLANG_WARN_UNREACHABLE_CODE = YES;
				CLANG_WARN__DUPLICATE_METHOD_MATCH = YES;
				"CODE_SIGN_IDENTITY[sdk=iphoneos*]" = "iPhone Developer";
				COPY_PHASE_STRIP = NO;
				DEBUG_INFORMATION_FORMAT = "dwarf-with-dsym";
				ENABLE_NS_ASSERTIONS = NO;
				ENABLE_STRICT_OBJC_MSGSEND = YES;
				GCC_C_LANGUAGE_STANDARD = gnu99;
				GCC_NO_COMMON_BLOCKS = YES;
				GCC_WARN_64_TO_32_BIT_CONVERSION = YES;
				GCC_WARN_ABOUT_RETURN_TYPE = YES_ERROR;
				GCC_WARN_UNDECLARED_SELECTOR = YES;
				GCC_WARN_UNINITIALIZED_AUTOS = YES_AGGRESSIVE;
				GCC_WARN_UNUSED_FUNCTION = YES;
				GCC_WARN_UNUSED_VARIABLE = YES;
				IPHONEOS_DEPLOYMENT_TARGET = 10.3;
				MTL_ENABLE_DEBUG_INFO = NO;
				SDKROOT = iphoneos;
				SWIFT_OPTIMIZATION_LEVEL = "-Owholemodule";
				VALIDATE_PRODUCT = YES;
			};
			name = Release;
		};
		EC7B0C441EDED236002505CF /* Debug */ = {
			isa = XCBuildConfiguration;
			baseConfigurationReference = 238A070A6FBA1A3A7D4368A1 /* Pods-PCImageCache.debug.xcconfig */;
			buildSettings = {
				ASSETCATALOG_COMPILER_APPICON_NAME = AppIcon;
				DEVELOPMENT_TEAM = 4BADWEEE97;
				INFOPLIST_FILE = PCImageCache/Info.plist;
				LD_RUNPATH_SEARCH_PATHS = "$(inherited) @executable_path/Frameworks";
				PRODUCT_BUNDLE_IDENTIFIER = com.tangyuhua.com.PCImageCache;
				PRODUCT_NAME = "$(TARGET_NAME)";
				SWIFT_OBJC_BRIDGING_HEADER = "PCImageCache-Bridging-Header.h";
				SWIFT_VERSION = 3.0;
			};
			name = Debug;
		};
		EC7B0C451EDED236002505CF /* Release */ = {
			isa = XCBuildConfiguration;
			baseConfigurationReference = DA366E06C83CF1313EE6275C /* Pods-PCImageCache.release.xcconfig */;
			buildSettings = {
				ASSETCATALOG_COMPILER_APPICON_NAME = AppIcon;
				DEVELOPMENT_TEAM = 4BADWEEE97;
				INFOPLIST_FILE = PCImageCache/Info.plist;
				LD_RUNPATH_SEARCH_PATHS = "$(inherited) @executable_path/Frameworks";
				PRODUCT_BUNDLE_IDENTIFIER = com.tangyuhua.com.PCImageCache;
				PRODUCT_NAME = "$(TARGET_NAME)";
				SWIFT_OBJC_BRIDGING_HEADER = "PCImageCache-Bridging-Header.h";
				SWIFT_VERSION = 3.0;
			};
			name = Release;
		};
		EC7B0C471EDED236002505CF /* Debug */ = {
			isa = XCBuildConfiguration;
			baseConfigurationReference = 55C02669999E735A03339EDF /* Pods-PCImageCacheTests.debug.xcconfig */;
			buildSettings = {
				ALWAYS_EMBED_SWIFT_STANDARD_LIBRARIES = YES;
				BUNDLE_LOADER = "$(TEST_HOST)";
				DEVELOPMENT_TEAM = 4BADWEEE97;
				INFOPLIST_FILE = PCImageCacheTests/Info.plist;
				LD_RUNPATH_SEARCH_PATHS = "$(inherited) @executable_path/Frameworks @loader_path/Frameworks";
				PRODUCT_BUNDLE_IDENTIFIER = com.tangyuhua.com.PCImageCacheTests;
				PRODUCT_NAME = "$(TARGET_NAME)";
				SWIFT_VERSION = 3.0;
				TEST_HOST = "$(BUILT_PRODUCTS_DIR)/PCImageCache.app/PCImageCache";
			};
			name = Debug;
		};
		EC7B0C481EDED236002505CF /* Release */ = {
			isa = XCBuildConfiguration;
			baseConfigurationReference = 273EA3EE922CC881FBA26C89 /* Pods-PCImageCacheTests.release.xcconfig */;
			buildSettings = {
				ALWAYS_EMBED_SWIFT_STANDARD_LIBRARIES = YES;
				BUNDLE_LOADER = "$(TEST_HOST)";
				DEVELOPMENT_TEAM = 4BADWEEE97;
				INFOPLIST_FILE = PCImageCacheTests/Info.plist;
				LD_RUNPATH_SEARCH_PATHS = "$(inherited) @executable_path/Frameworks @loader_path/Frameworks";
				PRODUCT_BUNDLE_IDENTIFIER = com.tangyuhua.com.PCImageCacheTests;
				PRODUCT_NAME = "$(TARGET_NAME)";
				SWIFT_VERSION = 3.0;
				TEST_HOST = "$(BUILT_PRODUCTS_DIR)/PCImageCache.app/PCImageCache";
			};
			name = Release;
		};
		EC7B0C4A1EDED236002505CF /* Debug */ = {
			isa = XCBuildConfiguration;
			baseConfigurationReference = C1CEE04F1F877C1CCEFAAA5B /* Pods-PCImageCacheUITests.debug.xcconfig */;
			buildSettings = {
				ALWAYS_EMBED_SWIFT_STANDARD_LIBRARIES = YES;
				DEVELOPMENT_TEAM = 4BADWEEE97;
				INFOPLIST_FILE = PCImageCacheUITests/Info.plist;
				LD_RUNPATH_SEARCH_PATHS = "$(inherited) @executable_path/Frameworks @loader_path/Frameworks";
				PRODUCT_BUNDLE_IDENTIFIER = com.tangyuhua.com.PCImageCacheUITests;
				PRODUCT_NAME = "$(TARGET_NAME)";
				SWIFT_VERSION = 3.0;
				TEST_TARGET_NAME = PCImageCache;
			};
			name = Debug;
		};
		EC7B0C4B1EDED236002505CF /* Release */ = {
			isa = XCBuildConfiguration;
			baseConfigurationReference = 4AAA0545CFF78DD6E4EBCCDC /* Pods-PCImageCacheUITests.release.xcconfig */;
			buildSettings = {
				ALWAYS_EMBED_SWIFT_STANDARD_LIBRARIES = YES;
				DEVELOPMENT_TEAM = 4BADWEEE97;
				INFOPLIST_FILE = PCImageCacheUITests/Info.plist;
				LD_RUNPATH_SEARCH_PATHS = "$(inherited) @executable_path/Frameworks @loader_path/Frameworks";
				PRODUCT_BUNDLE_IDENTIFIER = com.tangyuhua.com.PCImageCacheUITests;
				PRODUCT_NAME = "$(TARGET_NAME)";
				SWIFT_VERSION = 3.0;
				TEST_TARGET_NAME = PCImageCache;
			};
			name = Release;
		};
/* End XCBuildConfiguration section */

/* Begin XCConfigurationList section */
		EC7B0C161EDED235002505CF /* Build configuration list for PBXProject "PCImageCache" */ = {
			isa = XCConfigurationList;
			buildConfigurations = (
				EC7B0C411EDED236002505CF /* Debug */,
				EC7B0C421EDED236002505CF /* Release */,
			);
			defaultConfigurationIsVisible = 0;
			defaultConfigurationName = Release;
		};
		EC7B0C431EDED236002505CF /* Build configuration list for PBXNativeTarget "PCImageCache" */ = {
			isa = XCConfigurationList;
			buildConfigurations = (
				EC7B0C441EDED236002505CF /* Debug */,
				EC7B0C451EDED236002505CF /* Release */,
			);
			defaultConfigurationIsVisible = 0;
			defaultConfigurationName = Release;
		};
		EC7B0C461EDED236002505CF /* Build configuration list for PBXNativeTarget "PCImageCacheTests" */ = {
			isa = XCConfigurationList;
			buildConfigurations = (
				EC7B0C471EDED236002505CF /* Debug */,
				EC7B0C481EDED236002505CF /* Release */,
			);
			defaultConfigurationIsVisible = 0;
			defaultConfigurationName = Release;
		};
		EC7B0C491EDED236002505CF /* Build configuration list for PBXNativeTarget "PCImageCacheUITests" */ = {
			isa = XCConfigurationList;
			buildConfigurations = (
				EC7B0C4A1EDED236002505CF /* Debug */,
				EC7B0C4B1EDED236002505CF /* Release */,
			);
			defaultConfigurationIsVisible = 0;
			defaultConfigurationName = Release;
		};
/* End XCConfigurationList section */
	};
	rootObject = EC7B0C131EDED235002505CF /* Project object */;
}
